{
  "name": "proyecto-v1",
  "lockfileVersion": 3,
  "requires": true,
  "packages": {
    "": {
      "dependencies": {
        "docker-compose": "^0.24.3"
      }
    },
    "node_modules/docker-compose": {
      "version": "0.24.3",
      "resolved": "https://registry.npmjs.org/docker-compose/-/docker-compose-0.24.3.tgz",
      "integrity": "sha512-x3/QN3AIOMe7j2c8f/jcycizMft7dl8MluoB9OGPAYCyKHHiPUFqI9GjCcsU0kYy24vYKMCcfR6+5ZaEyQlrxg==",
      "dependencies": {
        "yaml": "^2.2.2"
      },
      "engines": {
        "node": ">= 6.0.0"
      }
    },
    "node_modules/yaml": {
      "version": "2.3.4",
      "resolved": "https://registry.npmjs.org/yaml/-/yaml-2.3.4.tgz",
      "integrity": "sha512-8aAvwVUSHpfEqTQ4w/KMlf3HcRdt50E5ODIQJBw1fQ5RL34xabzxtUlzTXVqc4rkZsPbvrXKWnABCD7kWSmocA==",
      "engines": {
        "node": ">= 14"
      }
    }
  }
}
